
Microsoft Visual Studio Solution File, Format Version 12.00
# Visual Studio Version 16
VisualStudioVersion = 16.0.30907.101
MinimumVisualStudioVersion = 10.0.40219.1
Project("{FAE04EC0-301F-11D3-BF4B-00C04F79EFBC}") = "UploadArquivoAssincrono.ScheduledJob", "UploadArquivoAssincrono.ScheduledJob.csproj", "{482C9002-8B99-4D38-A0EF-BF06CD6F2EE1}"
EndProject
Global
	GlobalSection(SolutionConfigurationPlatforms) = preSolution
		Debug|Any CPU = Debug|Any CPU
		Release|Any CPU = Release|Any CPU
	EndGlobalSection
	GlobalSection(ProjectConfigurationPlatforms) = postSolution
		{482C9002-8B99-4D38-A0EF-BF06CD6F2EE1}.Debug|Any CPU.ActiveCfg = Debug|Any CPU
		{482C9002-8B99-4D38-A0EF-BF06CD6F2EE1}.Debug|Any CPU.Build.0 = Debug|Any CPU
		{482C9002-8B99-4D38-A0EF-BF06CD6F2EE1}.Release|Any CPU.ActiveCfg = Release|Any CPU
		{482C9002-8B99-4D38-A0EF-BF06CD6F2EE1}.Release|Any CPU.Build.0 = Release|Any CPU
	EndGlobalSection
	GlobalSection(SolutionProperties) = preSolution
		HideSolutionNode = FALSE
	EndGlobalSection
	GlobalSection(ExtensibilityGlobals) = postSolution
		SolutionGuid = {603346E6-C73B-4311-A862-85B34BCDFC21}
	EndGlobalSection
EndGlobal
