
Microsoft Visual Studio Solution File, Format Version 12.00
# Visual Studio Version 16
VisualStudioVersion = 16.0.30907.101
MinimumVisualStudioVersion = 10.0.40219.1
Project("{9A19103F-16F7-4668-BE54-9A1E7A4F7556}") = "UploadArquivoAssincrono.API", "UploadArquivoAssincrono.API\UploadArquivoAssincrono.API.csproj", "{3492F8E2-6F2F-4371-97BF-F7B0364728E0}"
EndProject
Project("{FAE04EC0-301F-11D3-BF4B-00C04F79EFBC}") = "UpdateArquivoAssincrono.SchedulerJob", "UpdateArquivoAssincrono.SchedulerJob\UpdateArquivoAssincrono.SchedulerJob.csproj", "{B535A587-7815-417E-8E37-CA9D5ED21401}"
EndProject
Global
	GlobalSection(SolutionConfigurationPlatforms) = preSolution
		Debug|Any CPU = Debug|Any CPU
		Release|Any CPU = Release|Any CPU
	EndGlobalSection
	GlobalSection(ProjectConfigurationPlatforms) = postSolution
		{3492F8E2-6F2F-4371-97BF-F7B0364728E0}.Debug|Any CPU.ActiveCfg = Debug|Any CPU
		{3492F8E2-6F2F-4371-97BF-F7B0364728E0}.Debug|Any CPU.Build.0 = Debug|Any CPU
		{3492F8E2-6F2F-4371-97BF-F7B0364728E0}.Release|Any CPU.ActiveCfg = Release|Any CPU
		{3492F8E2-6F2F-4371-97BF-F7B0364728E0}.Release|Any CPU.Build.0 = Release|Any CPU
		{B535A587-7815-417E-8E37-CA9D5ED21401}.Debug|Any CPU.ActiveCfg = Debug|Any CPU
		{B535A587-7815-417E-8E37-CA9D5ED21401}.Debug|Any CPU.Build.0 = Debug|Any CPU
		{B535A587-7815-417E-8E37-CA9D5ED21401}.Release|Any CPU.ActiveCfg = Release|Any CPU
		{B535A587-7815-417E-8E37-CA9D5ED21401}.Release|Any CPU.Build.0 = Release|Any CPU
	EndGlobalSection
	GlobalSection(SolutionProperties) = preSolution
		HideSolutionNode = FALSE
	EndGlobalSection
	GlobalSection(ExtensibilityGlobals) = postSolution
		SolutionGuid = {C10DA7AB-23FA-4F0D-87D6-6410A9E163FB}
	EndGlobalSection
EndGlobal
